// !$*UTF8*$!
{
	archiveVersion = 1;
	classes = {
	};
	objectVersion = 77;
	objects = {

/* Begin PBXBuildFile section */
		D30F50142D04D83900E0BC66 /* PythonKit in Frameworks */ = {isa = PBXBuildFile; productRef = D30F50132D04D83900E0BC66 /* PythonKit */; };
		D30F50162D04D84200E0BC66 /* PythonKit in Frameworks */ = {isa = PBXBuildFile; productRef = D30F50152D04D84200E0BC66 /* PythonKit */; };
		D30F50182D04D84600E0BC66 /* PythonKit in Frameworks */ = {isa = PBXBuildFile; productRef = D30F50172D04D84600E0BC66 /* PythonKit */; };
/* End PBXBuildFile section */

/* Begin PBXContainerItemProxy section */
		D30F4FF32D04CDC500E0BC66 /* PBXContainerItemProxy */ = {
			isa = PBXContainerItemProxy;
			containerPortal = D30F4FD92D04CDC400E0BC66 /* Project object */;
			proxyType = 1;
			remoteGlobalIDString = D30F4FE02D04CDC400E0BC66;
			remoteInfo = "sft-py";
		};
		D30F4FFD2D04CDC500E0BC66 /* PBXContainerItemProxy */ = {
			isa = PBXContainerItemProxy;
			containerPortal = D30F4FD92D04CDC400E0BC66 /* Project object */;
			proxyType = 1;
			remoteGlobalIDString = D30F4FE02D04CDC400E0BC66;
			remoteInfo = "sft-py";
		};
/* End PBXContainerItemProxy section */

/* Begin PBXFileReference section */
		D30F4FE12D04CDC400E0BC66 /* sft-py.app */ = {isa = PBXFileReference; explicitFileType = wrapper.application; includeInIndex = 0; name = "sft-py.app"; path = "/Users/darkesthj/dev/sft-py/sft-py/build/Debug/sft-py.app"; sourceTree = "<absolute>"; };
		D30F4FF22D04CDC500E0BC66 /* sft-pyTests.xctest */ = {isa = PBXFileReference; explicitFileType = wrapper.cfbundle; includeInIndex = 0; name = "sft-pyTests.xctest"; path = "/Users/darkesthj/dev/sft-py/sft-py/build/Debug/sft-py.app/Contents/PlugIns/sft-pyTests.xctest"; sourceTree = "<absolute>"; };
		D30F4FFC2D04CDC500E0BC66 /* sft-pyUITests.xctest */ = {isa = PBXFileReference; explicitFileType = wrapper.cfbundle; includeInIndex = 0; name = "sft-pyUITests.xctest"; path = "/Users/darkesthj/dev/sft-py/sft-py/build/Debug/sft-pyUITests-Runner.app/Contents/PlugIns/sft-pyUITests.xctest"; sourceTree = "<absolute>"; };
/* End PBXFileReference section */

/* Begin PBXFileSystemSynchronizedRootGroup section */
		D30F4FE32D04CDC400E0BC66 /* sft-py */ = {
			isa = PBXFileSystemSynchronizedRootGroup;
			path = "sft-py";
			sourceTree = "<group>";
		};
		D30F4FF52D04CDC500E0BC66 /* sft-pyTests */ = {
			isa = PBXFileSystemSynchronizedRootGroup;
			path = "sft-pyTests";
			sourceTree = "<group>";
		};
		D30F4FFF2D04CDC500E0BC66 /* sft-pyUITests */ = {
			isa = PBXFileSystemSynchronizedRootGroup;
			path = "sft-pyUITests";
			sourceTree = "<group>";
		};
/* End PBXFileSystemSynchronizedRootGroup section */

/* Begin PBXFrameworksBuildPhase section */
		D30F4FDE2D04CDC400E0BC66 /* Frameworks */ = {
			isa = PBXFrameworksBuildPhase;
			buildActionMask = 2147483647;
			files = (
				D30F50142D04D83900E0BC66 /* PythonKit in Frameworks */,
			);
			runOnlyForDeploymentPostprocessing = 0;
		};
		D30F4FEF2D04CDC500E0BC66 /* Frameworks */ = {
			isa = PBXFrameworksBuildPhase;
			buildActionMask = 2147483647;
			files = (
				D30F50162D04D84200E0BC66 /* PythonKit in Frameworks */,
			);
			runOnlyForDeploymentPostprocessing = 0;
		};
		D30F4FF92D04CDC500E0BC66 /* Frameworks */ = {
			isa = PBXFrameworksBuildPhase;
			buildActionMask = 2147483647;
			files = (
				D30F50182D04D84600E0BC66 /* PythonKit in Frameworks */,
			);
			runOnlyForDeploymentPostprocessing = 0;
		};
/* End PBXFrameworksBuildPhase section */

/* Begin PBXGroup section */
		D30F4FD82D04CDC400E0BC66 = {
			isa = PBXGroup;
			children = (
				D30F4FE32D04CDC400E0BC66 /* sft-py */,
				D30F4FF52D04CDC500E0BC66 /* sft-pyTests */,
				D30F4FFF2D04CDC500E0BC66 /* sft-pyUITests */,
				D30F50122D04D83900E0BC66 /* Frameworks */,
			);
			sourceTree = "<group>";
		};
		D30F50122D04D83900E0BC66 /* Frameworks */ = {
			isa = PBXGroup;
			children = (
			);
			name = Frameworks;
			sourceTree = "<group>";
		};
/* End PBXGroup section */

/* Begin PBXNativeTarget section */
		D30F4FE02D04CDC400E0BC66 /* sft-py */ = {
			isa = PBXNativeTarget;
			buildConfigurationList = D30F50062D04CDC500E0BC66 /* Build configuration list for PBXNativeTarget "sft-py" */;
			buildPhases = (
				D30F4FDD2D04CDC400E0BC66 /* Sources */,
				D30F4FDE2D04CDC400E0BC66 /* Frameworks */,
				D30F4FDF2D04CDC400E0BC66 /* Resources */,
			);
			buildRules = (
			);
			dependencies = (
			);
			fileSystemSynchronizedGroups = (
				D30F4FE32D04CDC400E0BC66 /* sft-py */,
			);
			name = "sft-py";
			packageProductDependencies = (
				D30F50132D04D83900E0BC66 /* PythonKit */,
			);
			productName = "sft-py";
			productReference = D30F4FE12D04CDC400E0BC66 /* sft-py.app */;
			productType = "com.apple.product-type.application";
		};
		D30F4FF12D04CDC500E0BC66 /* sft-pyTests */ = {
			isa = PBXNativeTarget;
			buildConfigurationList = D30F50092D04CDC500E0BC66 /* Build configuration list for PBXNativeTarget "sft-pyTests" */;
			buildPhases = (
				D30F4FEE2D04CDC500E0BC66 /* Sources */,
				D30F4FEF2D04CDC500E0BC66 /* Frameworks */,
				D30F4FF02D04CDC500E0BC66 /* Resources */,
			);
			buildRules = (
			);
			dependencies = (
				D30F4FF42D04CDC500E0BC66 /* PBXTargetDependency */,
			);
			fileSystemSynchronizedGroups = (
				D30F4FF52D04CDC500E0BC66 /* sft-pyTests */,
			);
			name = "sft-pyTests";
			packageProductDependencies = (
				D30F50152D04D84200E0BC66 /* PythonKit */,
			);
			productName = "sft-pyTests";
			productReference = D30F4FF22D04CDC500E0BC66 /* sft-pyTests.xctest */;
			productType = "com.apple.product-type.bundle.unit-test";
		};
		D30F4FFB2D04CDC500E0BC66 /* sft-pyUITests */ = {
			isa = PBXNativeTarget;
			buildConfigurationList = D30F500C2D04CDC500E0BC66 /* Build configuration list for PBXNativeTarget "sft-pyUITests" */;
			buildPhases = (
				D30F4FF82D04CDC500E0BC66 /* Sources */,
				D30F4FF92D04CDC500E0BC66 /* Frameworks */,
				D30F4FFA2D04CDC500E0BC66 /* Resources */,
			);
			buildRules = (
			);
			dependencies = (
				D30F4FFE2D04CDC500E0BC66 /* PBXTargetDependency */,
			);
			fileSystemSynchronizedGroups = (
				D30F4FFF2D04CDC500E0BC66 /* sft-pyUITests */,
			);
			name = "sft-pyUITests";
			packageProductDependencies = (
				D30F50172D04D84600E0BC66 /* PythonKit */,
			);
			productName = "sft-pyUITests";
			productReference = D30F4FFC2D04CDC500E0BC66 /* sft-pyUITests.xctest */;
			productType = "com.apple.product-type.bundle.ui-testing";
		};
/* End PBXNativeTarget section */

/* Begin PBXProject section */
		D30F4FD92D04CDC400E0BC66 /* Project object */ = {
			isa = PBXProject;
			attributes = {
				BuildIndependentTargetsInParallel = 1;
				LastSwiftUpdateCheck = 1610;
				LastUpgradeCheck = 1610;
				TargetAttributes = {
					D30F4FE02D04CDC400E0BC66 = {
						CreatedOnToolsVersion = 16.1;
					};
					D30F4FF12D04CDC500E0BC66 = {
						CreatedOnToolsVersion = 16.1;
						TestTargetID = D30F4FE02D04CDC400E0BC66;
					};
					D30F4FFB2D04CDC500E0BC66 = {
						CreatedOnToolsVersion = 16.1;
						TestTargetID = D30F4FE02D04CDC400E0BC66;
					};
				};
			};
			buildConfigurationList = D30F4FDC2D04CDC400E0BC66 /* Build configuration list for PBXProject "sft-py" */;
			developmentRegion = en;
			hasScannedForEncodings = 0;
			knownRegions = (
				en,
				Base,
			);
			mainGroup = D30F4FD82D04CDC400E0BC66;
			minimizedProjectReferenceProxies = 1;
			packageReferences = (
				D30F50112D04D58E00E0BC66 /* XCRemoteSwiftPackageReference "PythonKit" */,
			);
			preferredProjectObjectVersion = 77;
			productRefGroup = D30F4FD82D04CDC400E0BC66;
			projectDirPath = "";
			projectRoot = "";
			targets = (
				D30F4FE02D04CDC400E0BC66 /* sft-py */,
				D30F4FF12D04CDC500E0BC66 /* sft-pyTests */,
				D30F4FFB2D04CDC500E0BC66 /* sft-pyUITests */,
			);
		};
/* End PBXProject section */

/* Begin PBXResourcesBuildPhase section */
		D30F4FDF2D04CDC400E0BC66 /* Resources */ = {
			isa = PBXResourcesBuildPhase;
			buildActionMask = 2147483647;
			files = (
			);
			runOnlyForDeploymentPostprocessing = 0;
		};
		D30F4FF02D04CDC500E0BC66 /* Resources */ = {
			isa = PBXResourcesBuildPhase;
			buildActionMask = 2147483647;
			files = (
			);
			runOnlyForDeploymentPostprocessing = 0;
		};
		D30F4FFA2D04CDC500E0BC66 /* Resources */ = {
			isa = PBXResourcesBuildPhase;
			buildActionMask = 2147483647;
			files = (
			);
			runOnlyForDeploymentPostprocessing = 0;
		};
/* End PBXResourcesBuildPhase section */

/* Begin PBXSourcesBuildPhase section */
		D30F4FDD2D04CDC400E0BC66 /* Sources */ = {
			isa = PBXSourcesBuildPhase;
			buildActionMask = 2147483647;
			files = (
			);
			runOnlyForDeploymentPostprocessing = 0;
		};
		D30F4FEE2D04CDC500E0BC66 /* Sources */ = {
			isa = PBXSourcesBuildPhase;
			buildActionMask = 2147483647;
			files = (
			);
			runOnlyForDeploymentPostprocessing = 0;
		};
		D30F4FF82D04CDC500E0BC66 /* Sources */ = {
			isa = PBXSourcesBuildPhase;
			buildActionMask = 2147483647;
			files = (
			);
			runOnlyForDeploymentPostprocessing = 0;
		};
/* End PBXSourcesBuildPhase section */

/* Begin PBXTargetDependency section */
		D30F4FF42D04CDC500E0BC66 /* PBXTargetDependency */ = {
			isa = PBXTargetDependency;
			target = D30F4FE02D04CDC400E0BC66 /* sft-py */;
			targetProxy = D30F4FF32D04CDC500E0BC66 /* PBXContainerItemProxy */;
		};
		D30F4FFE2D04CDC500E0BC66 /* PBXTargetDependency */ = {
			isa = PBXTargetDependency;
			target = D30F4FE02D04CDC400E0BC66 /* sft-py */;
			targetProxy = D30F4FFD2D04CDC500E0BC66 /* PBXContainerItemProxy */;
		};
/* End PBXTargetDependency section */

/* Begin XCBuildConfiguration section */
		D30F50042D04CDC500E0BC66 /* Debug */ = {
			isa = XCBuildConfiguration;
			buildSettings = {
				ALWAYS_SEARCH_USER_PATHS = NO;
				ASSETCATALOG_COMPILER_GENERATE_SWIFT_ASSET_SYMBOL_EXTENSIONS = YES;
				CLANG_ANALYZER_NONNULL = YES;
				CLANG_ANALYZER_NUMBER_OBJECT_CONVERSION = YES_AGGRESSIVE;
				CLANG_CXX_LANGUAGE_STANDARD = "gnu++20";
				CLANG_ENABLE_MODULES = YES;
				CLANG_ENABLE_OBJC_ARC = YES;
				CLANG_ENABLE_OBJC_WEAK = YES;
				CLANG_WARN_BLOCK_CAPTURE_AUTORELEASING = YES;
				CLANG_WARN_BOOL_CONVERSION = YES;
				CLANG_WARN_COMMA = YES;
				CLANG_WARN_CONSTANT_CONVERSION = YES;
				CLANG_WARN_DEPRECATED_OBJC_IMPLEMENTATIONS = YES;
				CLANG_WARN_DIRECT_OBJC_ISA_USAGE = YES_ERROR;
				CLANG_WARN_DOCUMENTATION_COMMENTS = YES;
				CLANG_WARN_EMPTY_BODY = YES;
				CLANG_WARN_ENUM_CONVERSION = YES;
				CLANG_WARN_INFINITE_RECURSION = YES;
				CLANG_WARN_INT_CONVERSION = YES;
				CLANG_WARN_NON_LITERAL_NULL_CONVERSION = YES;
				CLANG_WARN_OBJC_IMPLICIT_RETAIN_SELF = YES;
				CLANG_WARN_OBJC_LITERAL_CONVERSION = YES;
				CLANG_WARN_OBJC_ROOT_CLASS = YES_ERROR;
				CLANG_WARN_QUOTED_INCLUDE_IN_FRAMEWORK_HEADER = YES;
				CLANG_WARN_RANGE_LOOP_ANALYSIS = YES;
				CLANG_WARN_STRICT_PROTOTYPES = YES;
				CLANG_WARN_SUSPICIOUS_MOVE = YES;
				CLANG_WARN_UNGUARDED_AVAILABILITY = YES_AGGRESSIVE;
				CLANG_WARN_UNREACHABLE_CODE = YES;
				CLANG_WARN__DUPLICATE_METHOD_MATCH = YES;
				COPY_PHASE_STRIP = NO;
				DEBUG_INFORMATION_FORMAT = dwarf;
				ENABLE_STRICT_OBJC_MSGSEND = YES;
				ENABLE_TESTABILITY = YES;
				ENABLE_USER_SCRIPT_SANDBOXING = YES;
				GCC_C_LANGUAGE_STANDARD = gnu17;
				GCC_DYNAMIC_NO_PIC = NO;
				GCC_NO_COMMON_BLOCKS = YES;
				GCC_OPTIMIZATION_LEVEL = 0;
				GCC_PREPROCESSOR_DEFINITIONS = (
					"DEBUG=1",
					"$(inherited)",
				);
				GCC_WARN_64_TO_32_BIT_CONVERSION = YES;
				GCC_WARN_ABOUT_RETURN_TYPE = YES_ERROR;
				GCC_WARN_UNDECLARED_SELECTOR = YES;
				GCC_WARN_UNINITIALIZED_AUTOS = YES_AGGRESSIVE;
				GCC_WARN_UNUSED_FUNCTION = YES;
				GCC_WARN_UNUSED_VARIABLE = YES;
				LOCALIZATION_PREFERS_STRING_CATALOGS = YES;
				MTL_ENABLE_DEBUG_INFO = INCLUDE_SOURCE;
				MTL_FAST_MATH = YES;
				ONLY_ACTIVE_ARCH = YES;
				SWIFT_ACTIVE_COMPILATION_CONDITIONS = "DEBUG $(inherited)";
				SWIFT_OPTIMIZATION_LEVEL = "-Onone";
			};
			name = Debug;
		};
		D30F50052D04CDC500E0BC66 /* Release */ = {
			isa = XCBuildConfiguration;
			buildSettings = {
				ALWAYS_SEARCH_USER_PATHS = NO;
				ASSETCATALOG_COMPILER_GENERATE_SWIFT_ASSET_SYMBOL_EXTENSIONS = YES;
				CLANG_ANALYZER_NONNULL = YES;
				CLANG_ANALYZER_NUMBER_OBJECT_CONVERSION = YES_AGGRESSIVE;
				CLANG_CXX_LANGUAGE_STANDARD = "gnu++20";
				CLANG_ENABLE_MODULES = YES;
				CLANG_ENABLE_OBJC_ARC = YES;
				CLANG_ENABLE_OBJC_WEAK = YES;
				CLANG_WARN_BLOCK_CAPTURE_AUTORELEASING = YES;
				CLANG_WARN_BOOL_CONVERSION = YES;
				CLANG_WARN_COMMA = YES;
				CLANG_WARN_CONSTANT_CONVERSION = YES;
				CLANG_WARN_DEPRECATED_OBJC_IMPLEMENTATIONS = YES;
				CLANG_WARN_DIRECT_OBJC_ISA_USAGE = YES_ERROR;
				CLANG_WARN_DOCUMENTATION_COMMENTS = YES;
				CLANG_WARN_EMPTY_BODY = YES;
				CLANG_WARN_ENUM_CONVERSION = YES;
				CLANG_WARN_INFINITE_RECURSION = YES;
				CLANG_WARN_INT_CONVERSION = YES;
				CLANG_WARN_NON_LITERAL_NULL_CONVERSION = YES;
				CLANG_WARN_OBJC_IMPLICIT_RETAIN_SELF = YES;
				CLANG_WARN_OBJC_LITERAL_CONVERSION = YES;
				CLANG_WARN_OBJC_ROOT_CLASS = YES_ERROR;
				CLANG_WARN_QUOTED_INCLUDE_IN_FRAMEWORK_HEADER = YES;
				CLANG_WARN_RANGE_LOOP_ANALYSIS = YES;
				CLANG_WARN_STRICT_PROTOTYPES = YES;
				CLANG_WARN_SUSPICIOUS_MOVE = YES;
				CLANG_WARN_UNGUARDED_AVAILABILITY = YES_AGGRESSIVE;
				CLANG_WARN_UNREACHABLE_CODE = YES;
				CLANG_WARN__DUPLICATE_METHOD_MATCH = YES;
				COPY_PHASE_STRIP = NO;
				DEBUG_INFORMATION_FORMAT = "dwarf-with-dsym";
				ENABLE_NS_ASSERTIONS = NO;
				ENABLE_STRICT_OBJC_MSGSEND = YES;
				ENABLE_USER_SCRIPT_SANDBOXING = YES;
				GCC_C_LANGUAGE_STANDARD = gnu17;
				GCC_NO_COMMON_BLOCKS = YES;
				GCC_WARN_64_TO_32_BIT_CONVERSION = YES;
				GCC_WARN_ABOUT_RETURN_TYPE = YES_ERROR;
				GCC_WARN_UNDECLARED_SELECTOR = YES;
				GCC_WARN_UNINITIALIZED_AUTOS = YES_AGGRESSIVE;
				GCC_WARN_UNUSED_FUNCTION = YES;
				GCC_WARN_UNUSED_VARIABLE = YES;
				LOCALIZATION_PREFERS_STRING_CATALOGS = YES;
				MTL_ENABLE_DEBUG_INFO = NO;
				MTL_FAST_MATH = YES;
				SWIFT_COMPILATION_MODE = wholemodule;
			};
			name = Release;
		};
		D30F50072D04CDC500E0BC66 /* Debug */ = {
			isa = XCBuildConfiguration;
			buildSettings = {
				ASSETCATALOG_COMPILER_APPICON_NAME = AppIcon;
				ASSETCATALOG_COMPILER_GLOBAL_ACCENT_COLOR_NAME = AccentColor;
				CODE_SIGN_ENTITLEMENTS = "sft-py/sft_py.entitlements";
				CODE_SIGN_STYLE = Automatic;
				CURRENT_PROJECT_VERSION = 1;
				DEVELOPMENT_ASSET_PATHS = "\"sft-py/Preview Content\"";
				DEVELOPMENT_TEAM = 8MY6JCQLCH;
				ENABLE_HARDENED_RUNTIME = YES;
				ENABLE_PREVIEWS = YES;
				GENERATE_INFOPLIST_FILE = YES;
				"INFOPLIST_KEY_UIApplicationSceneManifest_Generation[sdk=iphoneos*]" = YES;
				"INFOPLIST_KEY_UIApplicationSceneManifest_Generation[sdk=iphonesimulator*]" = YES;
				"INFOPLIST_KEY_UIApplicationSupportsIndirectInputEvents[sdk=iphoneos*]" = YES;
				"INFOPLIST_KEY_UIApplicationSupportsIndirectInputEvents[sdk=iphonesimulator*]" = YES;
				"INFOPLIST_KEY_UILaunchScreen_Generation[sdk=iphoneos*]" = YES;
				"INFOPLIST_KEY_UILaunchScreen_Generation[sdk=iphonesimulator*]" = YES;
				"INFOPLIST_KEY_UIStatusBarStyle[sdk=iphoneos*]" = UIStatusBarStyleDefault;
				"INFOPLIST_KEY_UIStatusBarStyle[sdk=iphonesimulator*]" = UIStatusBarStyleDefault;
				INFOPLIST_KEY_UISupportedInterfaceOrientations_iPad = "UIInterfaceOrientationPortrait UIInterfaceOrientationPortraitUpsideDown UIInterfaceOrientationLandscapeLeft UIInterfaceOrientationLandscapeRight";
				INFOPLIST_KEY_UISupportedInterfaceOrientations_iPhone = "UIInterfaceOrientationPortrait UIInterfaceOrientationLandscapeLeft UIInterfaceOrientationLandscapeRight";
				IPHONEOS_DEPLOYMENT_TARGET = 18.1;
				LD_RUNPATH_SEARCH_PATHS = "@executable_path/Frameworks";
				"LD_RUNPATH_SEARCH_PATHS[sdk=macosx*]" = "@executable_path/../Frameworks";
				MACOSX_DEPLOYMENT_TARGET = 15.1;
				MARKETING_VERSION = 1.0;
				PRODUCT_BUNDLE_IDENTIFIER = "EliasCalixto.sft-py";
				PRODUCT_NAME = "$(TARGET_NAME)";
				SDKROOT = auto;
				SUPPORTED_PLATFORMS = "iphoneos iphonesimulator macosx xros xrsimulator";
				SWIFT_EMIT_LOC_STRINGS = YES;
				SWIFT_VERSION = 5.0;
				TARGETED_DEVICE_FAMILY = "1,2,7";
				XROS_DEPLOYMENT_TARGET = 2.1;
			};
			name = Debug;
		};
		D30F50082D04CDC500E0BC66 /* Release */ = {
			isa = XCBuildConfiguration;
			buildSettings = {
				ASSETCATALOG_COMPILER_APPICON_NAME = AppIcon;
				ASSETCATALOG_COMPILER_GLOBAL_ACCENT_COLOR_NAME = AccentColor;
				CODE_SIGN_ENTITLEMENTS = "sft-py/sft_py.entitlements";
				CODE_SIGN_STYLE = Automatic;
				CURRENT_PROJECT_VERSION = 1;
				DEVELOPMENT_ASSET_PATHS = "\"sft-py/Preview Content\"";
				DEVELOPMENT_TEAM = 8MY6JCQLCH;
				ENABLE_HARDENED_RUNTIME = YES;
				ENABLE_PREVIEWS = YES;
				GENERATE_INFOPLIST_FILE = YES;
				"INFOPLIST_KEY_UIApplicationSceneManifest_Generation[sdk=iphoneos*]" = YES;
				"INFOPLIST_KEY_UIApplicationSceneManifest_Generation[sdk=iphonesimulator*]" = YES;
				"INFOPLIST_KEY_UIApplicationSupportsIndirectInputEvents[sdk=iphoneos*]" = YES;
				"INFOPLIST_KEY_UIApplicationSupportsIndirectInputEvents[sdk=iphonesimulator*]" = YES;
				"INFOPLIST_KEY_UILaunchScreen_Generation[sdk=iphoneos*]" = YES;
				"INFOPLIST_KEY_UILaunchScreen_Generation[sdk=iphonesimulator*]" = YES;
				"INFOPLIST_KEY_UIStatusBarStyle[sdk=iphoneos*]" = UIStatusBarStyleDefault;
				"INFOPLIST_KEY_UIStatusBarStyle[sdk=iphonesimulator*]" = UIStatusBarStyleDefault;
				INFOPLIST_KEY_UISupportedInterfaceOrientations_iPad = "UIInterfaceOrientationPortrait UIInterfaceOrientationPortraitUpsideDown UIInterfaceOrientationLandscapeLeft UIInterfaceOrientationLandscapeRight";
				INFOPLIST_KEY_UISupportedInterfaceOrientations_iPhone = "UIInterfaceOrientationPortrait UIInterfaceOrientationLandscapeLeft UIInterfaceOrientationLandscapeRight";
				IPHONEOS_DEPLOYMENT_TARGET = 18.1;
				LD_RUNPATH_SEARCH_PATHS = "@executable_path/Frameworks";
				"LD_RUNPATH_SEARCH_PATHS[sdk=macosx*]" = "@executable_path/../Frameworks";
				MACOSX_DEPLOYMENT_TARGET = 15.1;
				MARKETING_VERSION = 1.0;
				PRODUCT_BUNDLE_IDENTIFIER = "EliasCalixto.sft-py";
				PRODUCT_NAME = "$(TARGET_NAME)";
				SDKROOT = auto;
				SUPPORTED_PLATFORMS = "iphoneos iphonesimulator macosx xros xrsimulator";
				SWIFT_EMIT_LOC_STRINGS = YES;
				SWIFT_VERSION = 5.0;
				TARGETED_DEVICE_FAMILY = "1,2,7";
				XROS_DEPLOYMENT_TARGET = 2.1;
			};
			name = Release;
		};
		D30F500A2D04CDC500E0BC66 /* Debug */ = {
			isa = XCBuildConfiguration;
			buildSettings = {
				BUNDLE_LOADER = "$(TEST_HOST)";
				CODE_SIGN_STYLE = Automatic;
				CURRENT_PROJECT_VERSION = 1;
				DEVELOPMENT_TEAM = 8MY6JCQLCH;
				GENERATE_INFOPLIST_FILE = YES;
				IPHONEOS_DEPLOYMENT_TARGET = 18.1;
				MACOSX_DEPLOYMENT_TARGET = 15.1;
				MARKETING_VERSION = 1.0;
				PRODUCT_BUNDLE_IDENTIFIER = "EliasCalixto.sft-pyTests";
				PRODUCT_NAME = "$(TARGET_NAME)";
				SDKROOT = auto;
				SUPPORTED_PLATFORMS = "iphoneos iphonesimulator macosx xros xrsimulator";
				SWIFT_EMIT_LOC_STRINGS = NO;
				SWIFT_VERSION = 5.0;
				TARGETED_DEVICE_FAMILY = "1,2,7";
				TEST_HOST = "$(BUILT_PRODUCTS_DIR)/sft-py.app/$(BUNDLE_EXECUTABLE_FOLDER_PATH)/sft-py";
				XROS_DEPLOYMENT_TARGET = 2.1;
			};
			name = Debug;
		};
		D30F500B2D04CDC500E0BC66 /* Release */ = {
			isa = XCBuildConfiguration;
			buildSettings = {
				BUNDLE_LOADER = "$(TEST_HOST)";
				CODE_SIGN_STYLE = Automatic;
				CURRENT_PROJECT_VERSION = 1;
				DEVELOPMENT_TEAM = 8MY6JCQLCH;
				GENERATE_INFOPLIST_FILE = YES;
				IPHONEOS_DEPLOYMENT_TARGET = 18.1;
				MACOSX_DEPLOYMENT_TARGET = 15.1;
				MARKETING_VERSION = 1.0;
				PRODUCT_BUNDLE_IDENTIFIER = "EliasCalixto.sft-pyTests";
				PRODUCT_NAME = "$(TARGET_NAME)";
				SDKROOT = auto;
				SUPPORTED_PLATFORMS = "iphoneos iphonesimulator macosx xros xrsimulator";
				SWIFT_EMIT_LOC_STRINGS = NO;
				SWIFT_VERSION = 5.0;
				TARGETED_DEVICE_FAMILY = "1,2,7";
				TEST_HOST = "$(BUILT_PRODUCTS_DIR)/sft-py.app/$(BUNDLE_EXECUTABLE_FOLDER_PATH)/sft-py";
				XROS_DEPLOYMENT_TARGET = 2.1;
			};
			name = Release;
		};
		D30F500D2D04CDC500E0BC66 /* Debug */ = {
			isa = XCBuildConfiguration;
			buildSettings = {
				CODE_SIGN_STYLE = Automatic;
				CURRENT_PROJECT_VERSION = 1;
				DEVELOPMENT_TEAM = 8MY6JCQLCH;
				GENERATE_INFOPLIST_FILE = YES;
				IPHONEOS_DEPLOYMENT_TARGET = 18.1;
				MACOSX_DEPLOYMENT_TARGET = 15.1;
				MARKETING_VERSION = 1.0;
				PRODUCT_BUNDLE_IDENTIFIER = "EliasCalixto.sft-pyUITests";
				PRODUCT_NAME = "$(TARGET_NAME)";
				SDKROOT = auto;
				SUPPORTED_PLATFORMS = "iphoneos iphonesimulator macosx xros xrsimulator";
				SWIFT_EMIT_LOC_STRINGS = NO;
				SWIFT_VERSION = 5.0;
				TARGETED_DEVICE_FAMILY = "1,2,7";
				TEST_TARGET_NAME = "sft-py";
				XROS_DEPLOYMENT_TARGET = 2.1;
			};
			name = Debug;
		};
		D30F500E2D04CDC500E0BC66 /* Release */ = {
			isa = XCBuildConfiguration;
			buildSettings = {
				CODE_SIGN_STYLE = Automatic;
				CURRENT_PROJECT_VERSION = 1;
				DEVELOPMENT_TEAM = 8MY6JCQLCH;
				GENERATE_INFOPLIST_FILE = YES;
				IPHONEOS_DEPLOYMENT_TARGET = 18.1;
				MACOSX_DEPLOYMENT_TARGET = 15.1;
				MARKETING_VERSION = 1.0;
				PRODUCT_BUNDLE_IDENTIFIER = "EliasCalixto.sft-pyUITests";
				PRODUCT_NAME = "$(TARGET_NAME)";
				SDKROOT = auto;
				SUPPORTED_PLATFORMS = "iphoneos iphonesimulator macosx xros xrsimulator";
				SWIFT_EMIT_LOC_STRINGS = NO;
				SWIFT_VERSION = 5.0;
				TARGETED_DEVICE_FAMILY = "1,2,7";
				TEST_TARGET_NAME = "sft-py";
				XROS_DEPLOYMENT_TARGET = 2.1;
			};
			name = Release;
		};
/* End XCBuildConfiguration section */

/* Begin XCConfigurationList section */
		D30F4FDC2D04CDC400E0BC66 /* Build configuration list for PBXProject "sft-py" */ = {
			isa = XCConfigurationList;
			buildConfigurations = (
				D30F50042D04CDC500E0BC66 /* Debug */,
				D30F50052D04CDC500E0BC66 /* Release */,
			);
			defaultConfigurationIsVisible = 0;
			defaultConfigurationName = Release;
		};
		D30F50062D04CDC500E0BC66 /* Build configuration list for PBXNativeTarget "sft-py" */ = {
			isa = XCConfigurationList;
			buildConfigurations = (
				D30F50072D04CDC500E0BC66 /* Debug */,
				D30F50082D04CDC500E0BC66 /* Release */,
			);
			defaultConfigurationIsVisible = 0;
			defaultConfigurationName = Release;
		};
		D30F50092D04CDC500E0BC66 /* Build configuration list for PBXNativeTarget "sft-pyTests" */ = {
			isa = XCConfigurationList;
			buildConfigurations = (
				D30F500A2D04CDC500E0BC66 /* Debug */,
				D30F500B2D04CDC500E0BC66 /* Release */,
			);
			defaultConfigurationIsVisible = 0;
			defaultConfigurationName = Release;
		};
		D30F500C2D04CDC500E0BC66 /* Build configuration list for PBXNativeTarget "sft-pyUITests" */ = {
			isa = XCConfigurationList;
			buildConfigurations = (
				D30F500D2D04CDC500E0BC66 /* Debug */,
				D30F500E2D04CDC500E0BC66 /* Release */,
			);
			defaultConfigurationIsVisible = 0;
			defaultConfigurationName = Release;
		};
/* End XCConfigurationList section */

/* Begin XCRemoteSwiftPackageReference section */
		D30F50112D04D58E00E0BC66 /* XCRemoteSwiftPackageReference "PythonKit" */ = {
			isa = XCRemoteSwiftPackageReference;
			repositoryURL = "https://github.com/pvieito/PythonKit.git";
			requirement = {
				branch = master;
				kind = branch;
			};
		};
/* End XCRemoteSwiftPackageReference section */

/* Begin XCSwiftPackageProductDependency section */
		D30F50132D04D83900E0BC66 /* PythonKit */ = {
			isa = XCSwiftPackageProductDependency;
			package = D30F50112D04D58E00E0BC66 /* XCRemoteSwiftPackageReference "PythonKit" */;
			productName = PythonKit;
		};
		D30F50152D04D84200E0BC66 /* PythonKit */ = {
			isa = XCSwiftPackageProductDependency;
			package = D30F50112D04D58E00E0BC66 /* XCRemoteSwiftPackageReference "PythonKit" */;
			productName = PythonKit;
		};
		D30F50172D04D84600E0BC66 /* PythonKit */ = {
			isa = XCSwiftPackageProductDependency;
			package = D30F50112D04D58E00E0BC66 /* XCRemoteSwiftPackageReference "PythonKit" */;
			productName = PythonKit;
		};
/* End XCSwiftPackageProductDependency section */
	};
	rootObject = D30F4FD92D04CDC400E0BC66 /* Project object */;
}
